
Microsoft Visual Studio Solution File, Format Version 12.00
# Visual Studio 15
VisualStudioVersion = 15.0.28010.2048
MinimumVisualStudioVersion = 10.0.40219.1
Project("{8BC9CEB8-8B4A-11D0-8D11-00A0C91BC942}") = "AND-to-AD", "AND-to-AD\AND-to-AD.vcxproj", "{29970D58-4D68-4303-8C1F-C869DF6B3C4E}"
EndProject
Global
	GlobalSection(SolutionConfigurationPlatforms) = preSolution
		Debug|x64 = Debug|x64
		Debug|x86 = Debug|x86
		Release|x64 = Release|x64
		Release|x86 = Release|x86
	EndGlobalSection
	GlobalSection(ProjectConfigurationPlatforms) = postSolution
		{29970D58-4D68-4303-8C1F-C869DF6B3C4E}.Debug|x64.ActiveCfg = Debug|x64
		{29970D58-4D68-4303-8C1F-C869DF6B3C4E}.Debug|x64.Build.0 = Debug|x64
		{29970D58-4D68-4303-8C1F-C869DF6B3C4E}.Debug|x86.ActiveCfg = Debug|Win32
		{29970D58-4D68-4303-8C1F-C869DF6B3C4E}.Debug|x86.Build.0 = Debug|Win32
		{29970D58-4D68-4303-8C1F-C869DF6B3C4E}.Release|x64.ActiveCfg = Release|x64
		{29970D58-4D68-4303-8C1F-C869DF6B3C4E}.Release|x64.Build.0 = Release|x64
		{29970D58-4D68-4303-8C1F-C869DF6B3C4E}.Release|x86.ActiveCfg = Release|Win32
		{29970D58-4D68-4303-8C1F-C869DF6B3C4E}.Release|x86.Build.0 = Release|Win32
	EndGlobalSection
	GlobalSection(SolutionProperties) = preSolution
		HideSolutionNode = FALSE
	EndGlobalSection
	GlobalSection(ExtensibilityGlobals) = postSolution
		SolutionGuid = {27F7BEBE-C626-4231-96E9-FF4D32075CD2}
	EndGlobalSection
EndGlobal
